
Microsoft Visual Studio Solution File, Format Version 12.00
# Visual Studio 15
VisualStudioVersion = 15.0.28010.2016
MinimumVisualStudioVersion = 10.0.40219.1
Project("{F184B08F-C81C-45F6-A57F-5ABD9991F28F}") = "weiyuntools", "weiyuntools\weiyuntools.vbproj", "{667AB94B-E306-42C8-9040-FD16FD4566F7}"
EndProject
Global
	GlobalSection(SolutionConfigurationPlatforms) = preSolution
		Debug|Any CPU = Debug|Any CPU
		Debug|x86 = Debug|x86
		Release|Any CPU = Release|Any CPU
		Release|x86 = Release|x86
	EndGlobalSection
	GlobalSection(ProjectConfigurationPlatforms) = postSolution
		{667AB94B-E306-42C8-9040-FD16FD4566F7}.Debug|Any CPU.ActiveCfg = Debug|Any CPU
		{667AB94B-E306-42C8-9040-FD16FD4566F7}.Debug|Any CPU.Build.0 = Debug|Any CPU
		{667AB94B-E306-42C8-9040-FD16FD4566F7}.Debug|x86.ActiveCfg = Debug|x86
		{667AB94B-E306-42C8-9040-FD16FD4566F7}.Debug|x86.Build.0 = Debug|x86
		{667AB94B-E306-42C8-9040-FD16FD4566F7}.Release|Any CPU.ActiveCfg = Release|Any CPU
		{667AB94B-E306-42C8-9040-FD16FD4566F7}.Release|Any CPU.Build.0 = Release|Any CPU
		{667AB94B-E306-42C8-9040-FD16FD4566F7}.Release|x86.ActiveCfg = Release|x86
		{667AB94B-E306-42C8-9040-FD16FD4566F7}.Release|x86.Build.0 = Release|x86
	EndGlobalSection
	GlobalSection(SolutionProperties) = preSolution
		HideSolutionNode = FALSE
	EndGlobalSection
	GlobalSection(ExtensibilityGlobals) = postSolution
		SolutionGuid = {D9070CED-1D12-4A1A-B406-2B317E5F8632}
	EndGlobalSection
EndGlobal
